
Microsoft Visual Studio Solution File, Format Version 12.00
# Visual Studio Version 17
VisualStudioVersion = 17.0.31903.59
MinimumVisualStudioVersion = 10.0.40219.1
Project("{FAE04EC0-301F-11D3-BF4B-00C04F79EFBC}") = "API", "API\API.csproj", "{DB606572-03D7-47F3-B26D-A2EBE8010A5B}"
EndProject
Project("{FAE04EC0-301F-11D3-BF4B-00C04F79EFBC}") = "Core", "Core\Core.csproj", "{E0801305-7CEC-406F-AF8A-522017CAD6E4}"
EndProject
Project("{FAE04EC0-301F-11D3-BF4B-00C04F79EFBC}") = "Infrastructure", "Infrastructure\Infrastructure.csproj", "{60693058-E7CC-448D-9D8D-14239E68D9CC}"
EndProject
Global
	GlobalSection(SolutionConfigurationPlatforms) = preSolution
		Debug|Any CPU = Debug|Any CPU
		Release|Any CPU = Release|Any CPU
	EndGlobalSection
	GlobalSection(SolutionProperties) = preSolution
		HideSolutionNode = FALSE
	EndGlobalSection
	GlobalSection(ProjectConfigurationPlatforms) = postSolution
		{DB606572-03D7-47F3-B26D-A2EBE8010A5B}.Debug|Any CPU.ActiveCfg = Debug|Any CPU
		{DB606572-03D7-47F3-B26D-A2EBE8010A5B}.Debug|Any CPU.Build.0 = Debug|Any CPU
		{DB606572-03D7-47F3-B26D-A2EBE8010A5B}.Release|Any CPU.ActiveCfg = Release|Any CPU
		{DB606572-03D7-47F3-B26D-A2EBE8010A5B}.Release|Any CPU.Build.0 = Release|Any CPU
		{E0801305-7CEC-406F-AF8A-522017CAD6E4}.Debug|Any CPU.ActiveCfg = Debug|Any CPU
		{E0801305-7CEC-406F-AF8A-522017CAD6E4}.Debug|Any CPU.Build.0 = Debug|Any CPU
		{E0801305-7CEC-406F-AF8A-522017CAD6E4}.Release|Any CPU.ActiveCfg = Release|Any CPU
		{E0801305-7CEC-406F-AF8A-522017CAD6E4}.Release|Any CPU.Build.0 = Release|Any CPU
		{60693058-E7CC-448D-9D8D-14239E68D9CC}.Debug|Any CPU.ActiveCfg = Debug|Any CPU
		{60693058-E7CC-448D-9D8D-14239E68D9CC}.Debug|Any CPU.Build.0 = Debug|Any CPU
		{60693058-E7CC-448D-9D8D-14239E68D9CC}.Release|Any CPU.ActiveCfg = Release|Any CPU
		{60693058-E7CC-448D-9D8D-14239E68D9CC}.Release|Any CPU.Build.0 = Release|Any CPU
	EndGlobalSection
EndGlobal
